
Microsoft Visual Studio Solution File, Format Version 12.00
Project("{FAE04EC0-301F-11D3-BF4B-00C04F79EFBC}") = "ProductsAPI.Domain", "ProductsAPI.Domain\ProductsAPI.Domain.csproj", "{03D9634B-02CE-430A-BF6D-8CDD9C3519E6}"
EndProject
Project("{2150E333-8FDC-42A3-9474-1A3956D46DE8}") = "src", "src", "{E7215174-6B12-4482-8659-A5ACFEABCF6E}"
EndProject
Project("{2150E333-8FDC-42A3-9474-1A3956D46DE8}") = "test", "test", "{22B14D20-E4BE-4A40-A051-C3685280716B}"
EndProject
Project("{2150E333-8FDC-42A3-9474-1A3956D46DE8}") = "API", "API", "{2CD543D0-34F1-4C9D-9979-5AF254BAC996}"
EndProject
Project("{2150E333-8FDC-42A3-9474-1A3956D46DE8}") = "Core", "Core", "{A6F798A9-60D2-4BA1-89EB-FA51BA84988C}"
EndProject
Project("{2150E333-8FDC-42A3-9474-1A3956D46DE8}") = "Infrastructure", "Infrastructure", "{025A303E-127F-40FE-B6B1-201B2BDF5DD7}"
EndProject
Project("{FAE04EC0-301F-11D3-BF4B-00C04F79EFBC}") = "ProductsAPI.Application", "ProductsAPI.Application\ProductsAPI.Application.csproj", "{6FA96F87-C079-43C2-A245-F87AC90110F0}"
EndProject
Project("{FAE04EC0-301F-11D3-BF4B-00C04F79EFBC}") = "ProductsAPI.Persistence", "ProductsAPI.Persistence\ProductsAPI.Persistence.csproj", "{1A0A98C6-9FBA-4559-851C-51ADC14170F7}"
EndProject
Project("{FAE04EC0-301F-11D3-BF4B-00C04F79EFBC}") = "ProductsAPI.Api", "ProductsAPI.Api\ProductsAPI.Api.csproj", "{32ECD3C7-88EF-4E78-984C-ECF3878D6893}"
EndProject
Global
	GlobalSection(SolutionConfigurationPlatforms) = preSolution
		Debug|Any CPU = Debug|Any CPU
		Release|Any CPU = Release|Any CPU
	EndGlobalSection
	GlobalSection(ProjectConfigurationPlatforms) = postSolution
		{03D9634B-02CE-430A-BF6D-8CDD9C3519E6}.Debug|Any CPU.ActiveCfg = Debug|Any CPU
		{03D9634B-02CE-430A-BF6D-8CDD9C3519E6}.Debug|Any CPU.Build.0 = Debug|Any CPU
		{03D9634B-02CE-430A-BF6D-8CDD9C3519E6}.Release|Any CPU.ActiveCfg = Release|Any CPU
		{03D9634B-02CE-430A-BF6D-8CDD9C3519E6}.Release|Any CPU.Build.0 = Release|Any CPU
		{6FA96F87-C079-43C2-A245-F87AC90110F0}.Debug|Any CPU.ActiveCfg = Debug|Any CPU
		{6FA96F87-C079-43C2-A245-F87AC90110F0}.Debug|Any CPU.Build.0 = Debug|Any CPU
		{6FA96F87-C079-43C2-A245-F87AC90110F0}.Release|Any CPU.ActiveCfg = Release|Any CPU
		{6FA96F87-C079-43C2-A245-F87AC90110F0}.Release|Any CPU.Build.0 = Release|Any CPU
		{1A0A98C6-9FBA-4559-851C-51ADC14170F7}.Debug|Any CPU.ActiveCfg = Debug|Any CPU
		{1A0A98C6-9FBA-4559-851C-51ADC14170F7}.Debug|Any CPU.Build.0 = Debug|Any CPU
		{1A0A98C6-9FBA-4559-851C-51ADC14170F7}.Release|Any CPU.ActiveCfg = Release|Any CPU
		{1A0A98C6-9FBA-4559-851C-51ADC14170F7}.Release|Any CPU.Build.0 = Release|Any CPU
		{32ECD3C7-88EF-4E78-984C-ECF3878D6893}.Debug|Any CPU.ActiveCfg = Debug|Any CPU
		{32ECD3C7-88EF-4E78-984C-ECF3878D6893}.Debug|Any CPU.Build.0 = Debug|Any CPU
		{32ECD3C7-88EF-4E78-984C-ECF3878D6893}.Release|Any CPU.ActiveCfg = Release|Any CPU
		{32ECD3C7-88EF-4E78-984C-ECF3878D6893}.Release|Any CPU.Build.0 = Release|Any CPU
	EndGlobalSection
	GlobalSection(NestedProjects) = preSolution
		{2CD543D0-34F1-4C9D-9979-5AF254BAC996} = {E7215174-6B12-4482-8659-A5ACFEABCF6E}
		{A6F798A9-60D2-4BA1-89EB-FA51BA84988C} = {E7215174-6B12-4482-8659-A5ACFEABCF6E}
		{025A303E-127F-40FE-B6B1-201B2BDF5DD7} = {E7215174-6B12-4482-8659-A5ACFEABCF6E}
		{03D9634B-02CE-430A-BF6D-8CDD9C3519E6} = {A6F798A9-60D2-4BA1-89EB-FA51BA84988C}
		{6FA96F87-C079-43C2-A245-F87AC90110F0} = {A6F798A9-60D2-4BA1-89EB-FA51BA84988C}
		{1A0A98C6-9FBA-4559-851C-51ADC14170F7} = {025A303E-127F-40FE-B6B1-201B2BDF5DD7}
		{32ECD3C7-88EF-4E78-984C-ECF3878D6893} = {2CD543D0-34F1-4C9D-9979-5AF254BAC996}
	EndGlobalSection
EndGlobal
